
Microsoft Visual Studio Solution File, Format Version 12.00
Project("{2150E333-8FDC-42A3-9474-1A3956D46DE8}") = "src", "src", "{1BA378A4-BB28-4B56-A8A9-BFD026EC1B69}"
EndProject
Project("{2150E333-8FDC-42A3-9474-1A3956D46DE8}") = "Domain", "Domain", "{991589BB-6807-40FF-8A70-9EDBCB0CFA11}"
EndProject
Project("{2150E333-8FDC-42A3-9474-1A3956D46DE8}") = "Presentation", "Presentation", "{F3BC7FE0-ECC2-4034-BA45-1C98DD258FB9}"
EndProject
Project("{FAE04EC0-301F-11D3-BF4B-00C04F79EFBC}") = "WheelsCatalog.Infrastructure", "WheelsCatalog.Infrastructure\WheelsCatalog.Infrastructure.csproj", "{FD96C081-10F8-48C5-99A5-CD9EBC720CCE}"
EndProject
Project("{FAE04EC0-301F-11D3-BF4B-00C04F79EFBC}") = "WheelsCatalog.Application", "WheelsCatalog.Application\WheelsCatalog.Application.csproj", "{1D3FC9D2-091B-4ED0-8C8B-977B9E888668}"
EndProject
Project("{FAE04EC0-301F-11D3-BF4B-00C04F79EFBC}") = "WheelsCatalog.Domain", "WheelsCatalog.Domain\WheelsCatalog.Domain.csproj", "{C053ACA5-8C68-4D7E-83B1-5A025544BED9}"
EndProject
Project("{FAE04EC0-301F-11D3-BF4B-00C04F79EFBC}") = "WheelsCatalog.API", "WheelsCatalog.API\WheelsCatalog.API.csproj", "{C699A23E-94F9-45BC-8318-75F4A30D81AB}"
EndProject
Project("{FAE04EC0-301F-11D3-BF4B-00C04F79EFBC}") = "WheelsCatalog.Persistence", "WheelsCatalog.Persistence\WheelsCatalog.Persistence.csproj", "{217BCED5-DB70-4F5F-B16D-D1795A53CA6A}"
EndProject
Project("{FAE04EC0-301F-11D3-BF4B-00C04F79EFBC}") = "WheelsCatalog.Persistence.Tests", "WheelsCatalog.Persistence.Tests\WheelsCatalog.Persistence.Tests.csproj", "{9CA0CEFF-0AF6-4286-A0B0-77FC573108A7}"
EndProject
Project("{2150E333-8FDC-42A3-9474-1A3956D46DE8}") = "Infrastructure", "Infrastructure", "{60B2CC9A-A759-4019-9278-2A328868CD10}"
EndProject
Project("{2150E333-8FDC-42A3-9474-1A3956D46DE8}") = "Persistence", "Persistence", "{70931938-DBB0-42A3-B154-4C67C06374E2}"
EndProject
Project("{2150E333-8FDC-42A3-9474-1A3956D46DE8}") = "Application", "Application", "{D559D115-127F-450F-BBB7-9486F185B157}"
EndProject
Project("{FAE04EC0-301F-11D3-BF4B-00C04F79EFBC}") = "WheelsCatalog.Application.Tests", "WheelsCatalog.Application.Tests\WheelsCatalog.Application.Tests.csproj", "{A89030FD-F51B-426F-AAA5-78A7D60E5E40}"
EndProject
Global
	GlobalSection(SolutionConfigurationPlatforms) = preSolution
		Debug|Any CPU = Debug|Any CPU
		Release|Any CPU = Release|Any CPU
	EndGlobalSection
	GlobalSection(ProjectConfigurationPlatforms) = postSolution
		{FD96C081-10F8-48C5-99A5-CD9EBC720CCE}.Debug|Any CPU.ActiveCfg = Debug|Any CPU
		{FD96C081-10F8-48C5-99A5-CD9EBC720CCE}.Debug|Any CPU.Build.0 = Debug|Any CPU
		{FD96C081-10F8-48C5-99A5-CD9EBC720CCE}.Release|Any CPU.ActiveCfg = Release|Any CPU
		{FD96C081-10F8-48C5-99A5-CD9EBC720CCE}.Release|Any CPU.Build.0 = Release|Any CPU
		{1D3FC9D2-091B-4ED0-8C8B-977B9E888668}.Debug|Any CPU.ActiveCfg = Debug|Any CPU
		{1D3FC9D2-091B-4ED0-8C8B-977B9E888668}.Debug|Any CPU.Build.0 = Debug|Any CPU
		{1D3FC9D2-091B-4ED0-8C8B-977B9E888668}.Release|Any CPU.ActiveCfg = Release|Any CPU
		{1D3FC9D2-091B-4ED0-8C8B-977B9E888668}.Release|Any CPU.Build.0 = Release|Any CPU
		{C053ACA5-8C68-4D7E-83B1-5A025544BED9}.Debug|Any CPU.ActiveCfg = Debug|Any CPU
		{C053ACA5-8C68-4D7E-83B1-5A025544BED9}.Debug|Any CPU.Build.0 = Debug|Any CPU
		{C053ACA5-8C68-4D7E-83B1-5A025544BED9}.Release|Any CPU.ActiveCfg = Release|Any CPU
		{C053ACA5-8C68-4D7E-83B1-5A025544BED9}.Release|Any CPU.Build.0 = Release|Any CPU
		{C699A23E-94F9-45BC-8318-75F4A30D81AB}.Debug|Any CPU.ActiveCfg = Debug|Any CPU
		{C699A23E-94F9-45BC-8318-75F4A30D81AB}.Debug|Any CPU.Build.0 = Debug|Any CPU
		{C699A23E-94F9-45BC-8318-75F4A30D81AB}.Release|Any CPU.ActiveCfg = Release|Any CPU
		{C699A23E-94F9-45BC-8318-75F4A30D81AB}.Release|Any CPU.Build.0 = Release|Any CPU
		{217BCED5-DB70-4F5F-B16D-D1795A53CA6A}.Debug|Any CPU.ActiveCfg = Debug|Any CPU
		{217BCED5-DB70-4F5F-B16D-D1795A53CA6A}.Debug|Any CPU.Build.0 = Debug|Any CPU
		{217BCED5-DB70-4F5F-B16D-D1795A53CA6A}.Release|Any CPU.ActiveCfg = Release|Any CPU
		{217BCED5-DB70-4F5F-B16D-D1795A53CA6A}.Release|Any CPU.Build.0 = Release|Any CPU
		{9CA0CEFF-0AF6-4286-A0B0-77FC573108A7}.Debug|Any CPU.ActiveCfg = Debug|Any CPU
		{9CA0CEFF-0AF6-4286-A0B0-77FC573108A7}.Debug|Any CPU.Build.0 = Debug|Any CPU
		{9CA0CEFF-0AF6-4286-A0B0-77FC573108A7}.Release|Any CPU.ActiveCfg = Release|Any CPU
		{9CA0CEFF-0AF6-4286-A0B0-77FC573108A7}.Release|Any CPU.Build.0 = Release|Any CPU
		{A89030FD-F51B-426F-AAA5-78A7D60E5E40}.Debug|Any CPU.ActiveCfg = Debug|Any CPU
		{A89030FD-F51B-426F-AAA5-78A7D60E5E40}.Debug|Any CPU.Build.0 = Debug|Any CPU
		{A89030FD-F51B-426F-AAA5-78A7D60E5E40}.Release|Any CPU.ActiveCfg = Release|Any CPU
		{A89030FD-F51B-426F-AAA5-78A7D60E5E40}.Release|Any CPU.Build.0 = Release|Any CPU
	EndGlobalSection
	GlobalSection(NestedProjects) = preSolution
		{991589BB-6807-40FF-8A70-9EDBCB0CFA11} = {1BA378A4-BB28-4B56-A8A9-BFD026EC1B69}
		{F3BC7FE0-ECC2-4034-BA45-1C98DD258FB9} = {1BA378A4-BB28-4B56-A8A9-BFD026EC1B69}
		{C053ACA5-8C68-4D7E-83B1-5A025544BED9} = {991589BB-6807-40FF-8A70-9EDBCB0CFA11}
		{C699A23E-94F9-45BC-8318-75F4A30D81AB} = {F3BC7FE0-ECC2-4034-BA45-1C98DD258FB9}
		{FD96C081-10F8-48C5-99A5-CD9EBC720CCE} = {60B2CC9A-A759-4019-9278-2A328868CD10}
		{217BCED5-DB70-4F5F-B16D-D1795A53CA6A} = {70931938-DBB0-42A3-B154-4C67C06374E2}
		{9CA0CEFF-0AF6-4286-A0B0-77FC573108A7} = {70931938-DBB0-42A3-B154-4C67C06374E2}
		{60B2CC9A-A759-4019-9278-2A328868CD10} = {1BA378A4-BB28-4B56-A8A9-BFD026EC1B69}
		{70931938-DBB0-42A3-B154-4C67C06374E2} = {1BA378A4-BB28-4B56-A8A9-BFD026EC1B69}
		{D559D115-127F-450F-BBB7-9486F185B157} = {1BA378A4-BB28-4B56-A8A9-BFD026EC1B69}
		{1D3FC9D2-091B-4ED0-8C8B-977B9E888668} = {D559D115-127F-450F-BBB7-9486F185B157}
		{A89030FD-F51B-426F-AAA5-78A7D60E5E40} = {D559D115-127F-450F-BBB7-9486F185B157}
	EndGlobalSection
EndGlobal
